
Microsoft Visual Studio Solution File, Format Version 12.00
# Visual Studio 15
Project("{FAE04EC0-301F-11D3-BF4B-00C04F79EFBC}") = "StringManipulation", "StringManipulation\StringManipulation.csproj", "{99488EEC-32F5-4AA7-AF4D-75358155580B}"
EndProject
Project("{FAE04EC0-301F-11D3-BF4B-00C04F79EFBC}") = "CommonCodingQuestions", "CommonCodingQuestions\CommonCodingQuestions.csproj", "{D9713179-2928-4C61-BD00-F45290CCC147}"
EndProject
Project("{FAE04EC0-301F-11D3-BF4B-00C04F79EFBC}") = "Arrays", "Arrays\Arrays.csproj", "{A2840410-5F11-4F17-AC73-FCC46C31F770}"
EndProject
Project("{FAE04EC0-301F-11D3-BF4B-00C04F79EFBC}") = "Arithmetic", "Arithmetic\Arithmetic.csproj", "{417382F8-A808-497F-92B8-3EAFA26751F9}"
EndProject
Project("{FAE04EC0-301F-11D3-BF4B-00C04F79EFBC}") = "Linq", "Linq\Linq.csproj", "{C3028315-1BAD-4887-A616-B36B88D5C025}"
EndProject
Global
	GlobalSection(SolutionConfigurationPlatforms) = preSolution
		Debug|Any CPU = Debug|Any CPU
		Release|Any CPU = Release|Any CPU
	EndGlobalSection
	GlobalSection(ProjectConfigurationPlatforms) = postSolution
		{99488EEC-32F5-4AA7-AF4D-75358155580B}.Debug|Any CPU.ActiveCfg = Debug|Any CPU
		{99488EEC-32F5-4AA7-AF4D-75358155580B}.Debug|Any CPU.Build.0 = Debug|Any CPU
		{99488EEC-32F5-4AA7-AF4D-75358155580B}.Release|Any CPU.ActiveCfg = Release|Any CPU
		{99488EEC-32F5-4AA7-AF4D-75358155580B}.Release|Any CPU.Build.0 = Release|Any CPU
		{D9713179-2928-4C61-BD00-F45290CCC147}.Debug|Any CPU.ActiveCfg = Debug|Any CPU
		{D9713179-2928-4C61-BD00-F45290CCC147}.Debug|Any CPU.Build.0 = Debug|Any CPU
		{D9713179-2928-4C61-BD00-F45290CCC147}.Release|Any CPU.ActiveCfg = Release|Any CPU
		{D9713179-2928-4C61-BD00-F45290CCC147}.Release|Any CPU.Build.0 = Release|Any CPU
		{A2840410-5F11-4F17-AC73-FCC46C31F770}.Debug|Any CPU.ActiveCfg = Debug|Any CPU
		{A2840410-5F11-4F17-AC73-FCC46C31F770}.Debug|Any CPU.Build.0 = Debug|Any CPU
		{A2840410-5F11-4F17-AC73-FCC46C31F770}.Release|Any CPU.ActiveCfg = Release|Any CPU
		{A2840410-5F11-4F17-AC73-FCC46C31F770}.Release|Any CPU.Build.0 = Release|Any CPU
		{417382F8-A808-497F-92B8-3EAFA26751F9}.Debug|Any CPU.ActiveCfg = Debug|Any CPU
		{417382F8-A808-497F-92B8-3EAFA26751F9}.Debug|Any CPU.Build.0 = Debug|Any CPU
		{417382F8-A808-497F-92B8-3EAFA26751F9}.Release|Any CPU.ActiveCfg = Release|Any CPU
		{417382F8-A808-497F-92B8-3EAFA26751F9}.Release|Any CPU.Build.0 = Release|Any CPU
		{C3028315-1BAD-4887-A616-B36B88D5C025}.Debug|Any CPU.ActiveCfg = Debug|Any CPU
		{C3028315-1BAD-4887-A616-B36B88D5C025}.Debug|Any CPU.Build.0 = Debug|Any CPU
		{C3028315-1BAD-4887-A616-B36B88D5C025}.Release|Any CPU.ActiveCfg = Release|Any CPU
		{C3028315-1BAD-4887-A616-B36B88D5C025}.Release|Any CPU.Build.0 = Release|Any CPU
	EndGlobalSection
EndGlobal
